
Microsoft Visual Studio Solution File, Format Version 12.00
# Visual Studio Version 16
VisualStudioVersion = 16.0.30114.105
MinimumVisualStudioVersion = 10.0.40219.1
Project("{FAE04EC0-301F-11D3-BF4B-00C04F79EFBC}") = "API", "API\API.csproj", "{8C8CAF68-7B7F-41A0-A02D-213EDA3ECAA8}"
EndProject
Project("{FAE04EC0-301F-11D3-BF4B-00C04F79EFBC}") = "Application", "Application\Application.csproj", "{571BA449-FE0E-40CB-AD31-46301FB50D3E}"
EndProject
Project("{FAE04EC0-301F-11D3-BF4B-00C04F79EFBC}") = "Persistence", "Persistence\Persistence.csproj", "{1A8F503A-156E-44A8-8B95-E385D3409537}"
EndProject
Project("{FAE04EC0-301F-11D3-BF4B-00C04F79EFBC}") = "Domain", "Domain\Domain.csproj", "{2A53D8FE-130C-46D8-B3E0-A451750C7D1F}"
EndProject
Global
	GlobalSection(SolutionConfigurationPlatforms) = preSolution
		Debug|Any CPU = Debug|Any CPU
		Release|Any CPU = Release|Any CPU
	EndGlobalSection
	GlobalSection(SolutionProperties) = preSolution
		HideSolutionNode = FALSE
	EndGlobalSection
	GlobalSection(ProjectConfigurationPlatforms) = postSolution
		{8C8CAF68-7B7F-41A0-A02D-213EDA3ECAA8}.Debug|Any CPU.ActiveCfg = Debug|Any CPU
		{8C8CAF68-7B7F-41A0-A02D-213EDA3ECAA8}.Debug|Any CPU.Build.0 = Debug|Any CPU
		{8C8CAF68-7B7F-41A0-A02D-213EDA3ECAA8}.Release|Any CPU.ActiveCfg = Release|Any CPU
		{8C8CAF68-7B7F-41A0-A02D-213EDA3ECAA8}.Release|Any CPU.Build.0 = Release|Any CPU
		{571BA449-FE0E-40CB-AD31-46301FB50D3E}.Debug|Any CPU.ActiveCfg = Debug|Any CPU
		{571BA449-FE0E-40CB-AD31-46301FB50D3E}.Debug|Any CPU.Build.0 = Debug|Any CPU
		{571BA449-FE0E-40CB-AD31-46301FB50D3E}.Release|Any CPU.ActiveCfg = Release|Any CPU
		{571BA449-FE0E-40CB-AD31-46301FB50D3E}.Release|Any CPU.Build.0 = Release|Any CPU
		{1A8F503A-156E-44A8-8B95-E385D3409537}.Debug|Any CPU.ActiveCfg = Debug|Any CPU
		{1A8F503A-156E-44A8-8B95-E385D3409537}.Debug|Any CPU.Build.0 = Debug|Any CPU
		{1A8F503A-156E-44A8-8B95-E385D3409537}.Release|Any CPU.ActiveCfg = Release|Any CPU
		{1A8F503A-156E-44A8-8B95-E385D3409537}.Release|Any CPU.Build.0 = Release|Any CPU
		{2A53D8FE-130C-46D8-B3E0-A451750C7D1F}.Debug|Any CPU.ActiveCfg = Debug|Any CPU
		{2A53D8FE-130C-46D8-B3E0-A451750C7D1F}.Debug|Any CPU.Build.0 = Debug|Any CPU
		{2A53D8FE-130C-46D8-B3E0-A451750C7D1F}.Release|Any CPU.ActiveCfg = Release|Any CPU
		{2A53D8FE-130C-46D8-B3E0-A451750C7D1F}.Release|Any CPU.Build.0 = Release|Any CPU
	EndGlobalSection
EndGlobal
